
Microsoft Visual Studio Solution File, Format Version 12.00
# Visual Studio 2012
Project("{FAE04EC0-301F-11D3-BF4B-00C04F79EFBC}") = "Grade", "Grade\Grade.csproj", "{3F3BDEAA-FCDF-4AAC-B553-D9B6C7DA18AC}"
EndProject
Project("{FAE04EC0-301F-11D3-BF4B-00C04F79EFBC}") = "Grades.test", "Grades.test\Grades.test.csproj", "{DAA7EAC6-A6DB-450F-88A6-617996BCB315}"
EndProject
Global
	GlobalSection(SolutionConfigurationPlatforms) = preSolution
		Debug|x86 = Debug|x86
		Release|x86 = Release|x86
	EndGlobalSection
	GlobalSection(ProjectConfigurationPlatforms) = postSolution
		{3F3BDEAA-FCDF-4AAC-B553-D9B6C7DA18AC}.Debug|x86.ActiveCfg = Debug|x86
		{3F3BDEAA-FCDF-4AAC-B553-D9B6C7DA18AC}.Debug|x86.Build.0 = Debug|x86
		{3F3BDEAA-FCDF-4AAC-B553-D9B6C7DA18AC}.Release|x86.ActiveCfg = Release|x86
		{3F3BDEAA-FCDF-4AAC-B553-D9B6C7DA18AC}.Release|x86.Build.0 = Release|x86
		{DAA7EAC6-A6DB-450F-88A6-617996BCB315}.Debug|x86.ActiveCfg = Debug|Any CPU
		{DAA7EAC6-A6DB-450F-88A6-617996BCB315}.Debug|x86.Build.0 = Debug|Any CPU
		{DAA7EAC6-A6DB-450F-88A6-617996BCB315}.Release|x86.ActiveCfg = Release|Any CPU
		{DAA7EAC6-A6DB-450F-88A6-617996BCB315}.Release|x86.Build.0 = Release|Any CPU
	EndGlobalSection
EndGlobal
